
Microsoft Visual Studio Solution File, Format Version 12.00
# Visual Studio Version 17
VisualStudioVersion = 17.7.34221.43
MinimumVisualStudioVersion = 10.0.40219.1
Project("{FAE04EC0-301F-11D3-BF4B-00C04F79EFBC}") = "S10257191_PRG2Assignment", "S10257191_PRG2Assignment\S10257191_PRG2Assignment.csproj", "{5D1D8FF4-EB40-4914-ADC7-FFE36ED4F50A}"
EndProject
Global
	GlobalSection(SolutionConfigurationPlatforms) = preSolution
		Debug|Any CPU = Debug|Any CPU
		Release|Any CPU = Release|Any CPU
	EndGlobalSection
	GlobalSection(ProjectConfigurationPlatforms) = postSolution
		{5D1D8FF4-EB40-4914-ADC7-FFE36ED4F50A}.Debug|Any CPU.ActiveCfg = Debug|Any CPU
		{5D1D8FF4-EB40-4914-ADC7-FFE36ED4F50A}.Debug|Any CPU.Build.0 = Debug|Any CPU
		{5D1D8FF4-EB40-4914-ADC7-FFE36ED4F50A}.Release|Any CPU.ActiveCfg = Release|Any CPU
		{5D1D8FF4-EB40-4914-ADC7-FFE36ED4F50A}.Release|Any CPU.Build.0 = Release|Any CPU
	EndGlobalSection
	GlobalSection(SolutionProperties) = preSolution
		HideSolutionNode = FALSE
	EndGlobalSection
	GlobalSection(ExtensibilityGlobals) = postSolution
		SolutionGuid = {350A02FE-1323-4A09-8D14-C38A94FD1A60}
	EndGlobalSection
EndGlobal
